
Microsoft Visual Studio Solution File, Format Version 12.00
# Visual Studio 14
VisualStudioVersion = 14.0.25420.1
MinimumVisualStudioVersion = 10.0.40219.1
Project("{FAE04EC0-301F-11D3-BF4B-00C04F79EFBC}") = "MyDemo01_MDI", "MyDemo1\MyDemo01_MDI.csproj", "{54806876-6150-4A9C-8C48-69AF58EE7C84}"
EndProject
Project("{FAE04EC0-301F-11D3-BF4B-00C04F79EFBC}") = "MyDemo02_Lable", "MyDemo2\MyDemo02_Lable.csproj", "{99A0A676-AF7B-4024-9A70-9425F81FE15D}"
EndProject
Project("{FAE04EC0-301F-11D3-BF4B-00C04F79EFBC}") = "MyDemo03_Button", "MyDemo3\MyDemo03_Button.csproj", "{5DD5FA5D-5A22-4B9B-92DB-EA378BE1EF35}"
EndProject
Project("{FAE04EC0-301F-11D3-BF4B-00C04F79EFBC}") = "MyDemo04_TextBox", "MyDemo4\MyDemo04_TextBox.csproj", "{15472240-5E04-4A1A-8821-614F68C45047}"
EndProject
Project("{FAE04EC0-301F-11D3-BF4B-00C04F79EFBC}") = "MyDemo05_RichTextBox", "MyDemo5\MyDemo05_RichTextBox.csproj", "{B9E5FD4D-60BE-4783-9253-762E824A274D}"
EndProject
Project("{FAE04EC0-301F-11D3-BF4B-00C04F79EFBC}") = "MyDemo06_Timer", "MyDemo6\MyDemo06_Timer.csproj", "{41E94124-55F7-48D7-8660-DEE67391E93E}"
EndProject
Project("{FAE04EC0-301F-11D3-BF4B-00C04F79EFBC}") = "MyDemo07_CheckBox", "MyDemo7\MyDemo07_CheckBox.csproj", "{BD01E530-CD92-44BC-9C77-35738922E832}"
EndProject
Project("{FAE04EC0-301F-11D3-BF4B-00C04F79EFBC}") = "MyDemo08_RadioButton", "MyDemo8\MyDemo08_RadioButton.csproj", "{5A0F68B9-9541-4302-881A-6F044584E67C}"
EndProject
Project("{FAE04EC0-301F-11D3-BF4B-00C04F79EFBC}") = "MyDemo09_Combo_List_CheckedList", "MyDemo9\MyDemo09_Combo_List_CheckedList.csproj", "{7F1C1DCE-F9C7-4A8F-8807-1537345693DD}"
EndProject
Project("{FAE04EC0-301F-11D3-BF4B-00C04F79EFBC}") = "MyDemo10_NumericUpDown", "MyDemo10\MyDemo10_NumericUpDown.csproj", "{D2B27214-9DDD-42B0-A255-0E470A61E6F9}"
EndProject
Project("{FAE04EC0-301F-11D3-BF4B-00C04F79EFBC}") = "MyDemo11_Panel", "MyDemo11\MyDemo11_Panel.csproj", "{5AB13564-938E-4B79-B592-B8CCFF7830F7}"
EndProject
Project("{FAE04EC0-301F-11D3-BF4B-00C04F79EFBC}") = "MyDemo12_GroupBox", "MyDemo12\MyDemo12_GroupBox.csproj", "{F90A7B28-B17A-4D51-A9AA-03F926AD3BFC}"
EndProject
Project("{FAE04EC0-301F-11D3-BF4B-00C04F79EFBC}") = "MyDemo13_TabControl", "MyDemo13\MyDemo13_TabControl.csproj", "{26E69364-11D9-4F52-96C8-3022154C2A4D}"
EndProject
Project("{FAE04EC0-301F-11D3-BF4B-00C04F79EFBC}") = "MyDemo14_ToolStrip", "MyDemo14\MyDemo14_ToolStrip.csproj", "{5794F60D-563B-412D-A730-D001032BC8E3}"
EndProject
Project("{FAE04EC0-301F-11D3-BF4B-00C04F79EFBC}") = "MyDemo15_StatusStrip", "MyDemo15\MyDemo15_StatusStrip.csproj", "{6983176E-DC01-4A53-B0BA-48F4D9DB9D7A}"
EndProject
Project("{FAE04EC0-301F-11D3-BF4B-00C04F79EFBC}") = "MyDemo16_Comprehensive", "MyDemo16\MyDemo16_Comprehensive.csproj", "{14EE01E7-F8B1-4B94-9AA7-50725A180A96}"
EndProject
Project("{FAE04EC0-301F-11D3-BF4B-00C04F79EFBC}") = "MyDemo17_PictureBox1", "MyDemo17\MyDemo17_PictureBox1.csproj", "{4F1A3B83-5ED0-4DAF-AF3A-B78C970C216E}"
EndProject
Project("{FAE04EC0-301F-11D3-BF4B-00C04F79EFBC}") = "MyDemo18_PictureBox2", "MyDemo18\MyDemo18_PictureBox2.csproj", "{E3AF026B-7417-422D-91EE-936800A7724B}"
EndProject
Project("{FAE04EC0-301F-11D3-BF4B-00C04F79EFBC}") = "MyDemo19_ImageList", "MyDemo19\MyDemo19_ImageList.csproj", "{A3B63E9B-D106-4024-A5C3-6155E0B6FEAE}"
EndProject
Project("{FAE04EC0-301F-11D3-BF4B-00C04F79EFBC}") = "MyDemo20", "MyDemo20\MyDemo20.csproj", "{635F5DE0-68A5-4DA6-A76A-25DC93D2AB67}"
EndProject
Global
	GlobalSection(SolutionConfigurationPlatforms) = preSolution
		Debug|Any CPU = Debug|Any CPU
		Release|Any CPU = Release|Any CPU
	EndGlobalSection
	GlobalSection(ProjectConfigurationPlatforms) = postSolution
		{54806876-6150-4A9C-8C48-69AF58EE7C84}.Debug|Any CPU.ActiveCfg = Debug|Any CPU
		{54806876-6150-4A9C-8C48-69AF58EE7C84}.Debug|Any CPU.Build.0 = Debug|Any CPU
		{54806876-6150-4A9C-8C48-69AF58EE7C84}.Release|Any CPU.ActiveCfg = Release|Any CPU
		{54806876-6150-4A9C-8C48-69AF58EE7C84}.Release|Any CPU.Build.0 = Release|Any CPU
		{99A0A676-AF7B-4024-9A70-9425F81FE15D}.Debug|Any CPU.ActiveCfg = Debug|Any CPU
		{99A0A676-AF7B-4024-9A70-9425F81FE15D}.Debug|Any CPU.Build.0 = Debug|Any CPU
		{99A0A676-AF7B-4024-9A70-9425F81FE15D}.Release|Any CPU.ActiveCfg = Release|Any CPU
		{99A0A676-AF7B-4024-9A70-9425F81FE15D}.Release|Any CPU.Build.0 = Release|Any CPU
		{5DD5FA5D-5A22-4B9B-92DB-EA378BE1EF35}.Debug|Any CPU.ActiveCfg = Debug|Any CPU
		{5DD5FA5D-5A22-4B9B-92DB-EA378BE1EF35}.Debug|Any CPU.Build.0 = Debug|Any CPU
		{5DD5FA5D-5A22-4B9B-92DB-EA378BE1EF35}.Release|Any CPU.ActiveCfg = Release|Any CPU
		{5DD5FA5D-5A22-4B9B-92DB-EA378BE1EF35}.Release|Any CPU.Build.0 = Release|Any CPU
		{15472240-5E04-4A1A-8821-614F68C45047}.Debug|Any CPU.ActiveCfg = Debug|Any CPU
		{15472240-5E04-4A1A-8821-614F68C45047}.Debug|Any CPU.Build.0 = Debug|Any CPU
		{15472240-5E04-4A1A-8821-614F68C45047}.Release|Any CPU.ActiveCfg = Release|Any CPU
		{15472240-5E04-4A1A-8821-614F68C45047}.Release|Any CPU.Build.0 = Release|Any CPU
		{B9E5FD4D-60BE-4783-9253-762E824A274D}.Debug|Any CPU.ActiveCfg = Debug|Any CPU
		{B9E5FD4D-60BE-4783-9253-762E824A274D}.Debug|Any CPU.Build.0 = Debug|Any CPU
		{B9E5FD4D-60BE-4783-9253-762E824A274D}.Release|Any CPU.ActiveCfg = Release|Any CPU
		{B9E5FD4D-60BE-4783-9253-762E824A274D}.Release|Any CPU.Build.0 = Release|Any CPU
		{41E94124-55F7-48D7-8660-DEE67391E93E}.Debug|Any CPU.ActiveCfg = Debug|Any CPU
		{41E94124-55F7-48D7-8660-DEE67391E93E}.Debug|Any CPU.Build.0 = Debug|Any CPU
		{41E94124-55F7-48D7-8660-DEE67391E93E}.Release|Any CPU.ActiveCfg = Release|Any CPU
		{41E94124-55F7-48D7-8660-DEE67391E93E}.Release|Any CPU.Build.0 = Release|Any CPU
		{BD01E530-CD92-44BC-9C77-35738922E832}.Debug|Any CPU.ActiveCfg = Debug|Any CPU
		{BD01E530-CD92-44BC-9C77-35738922E832}.Debug|Any CPU.Build.0 = Debug|Any CPU
		{BD01E530-CD92-44BC-9C77-35738922E832}.Release|Any CPU.ActiveCfg = Release|Any CPU
		{BD01E530-CD92-44BC-9C77-35738922E832}.Release|Any CPU.Build.0 = Release|Any CPU
		{5A0F68B9-9541-4302-881A-6F044584E67C}.Debug|Any CPU.ActiveCfg = Debug|Any CPU
		{5A0F68B9-9541-4302-881A-6F044584E67C}.Debug|Any CPU.Build.0 = Debug|Any CPU
		{5A0F68B9-9541-4302-881A-6F044584E67C}.Release|Any CPU.ActiveCfg = Release|Any CPU
		{5A0F68B9-9541-4302-881A-6F044584E67C}.Release|Any CPU.Build.0 = Release|Any CPU
		{7F1C1DCE-F9C7-4A8F-8807-1537345693DD}.Debug|Any CPU.ActiveCfg = Debug|Any CPU
		{7F1C1DCE-F9C7-4A8F-8807-1537345693DD}.Debug|Any CPU.Build.0 = Debug|Any CPU
		{7F1C1DCE-F9C7-4A8F-8807-1537345693DD}.Release|Any CPU.ActiveCfg = Release|Any CPU
		{7F1C1DCE-F9C7-4A8F-8807-1537345693DD}.Release|Any CPU.Build.0 = Release|Any CPU
		{D2B27214-9DDD-42B0-A255-0E470A61E6F9}.Debug|Any CPU.ActiveCfg = Debug|Any CPU
		{D2B27214-9DDD-42B0-A255-0E470A61E6F9}.Debug|Any CPU.Build.0 = Debug|Any CPU
		{D2B27214-9DDD-42B0-A255-0E470A61E6F9}.Release|Any CPU.ActiveCfg = Release|Any CPU
		{D2B27214-9DDD-42B0-A255-0E470A61E6F9}.Release|Any CPU.Build.0 = Release|Any CPU
		{5AB13564-938E-4B79-B592-B8CCFF7830F7}.Debug|Any CPU.ActiveCfg = Debug|Any CPU
		{5AB13564-938E-4B79-B592-B8CCFF7830F7}.Debug|Any CPU.Build.0 = Debug|Any CPU
		{5AB13564-938E-4B79-B592-B8CCFF7830F7}.Release|Any CPU.ActiveCfg = Release|Any CPU
		{5AB13564-938E-4B79-B592-B8CCFF7830F7}.Release|Any CPU.Build.0 = Release|Any CPU
		{F90A7B28-B17A-4D51-A9AA-03F926AD3BFC}.Debug|Any CPU.ActiveCfg = Debug|Any CPU
		{F90A7B28-B17A-4D51-A9AA-03F926AD3BFC}.Debug|Any CPU.Build.0 = Debug|Any CPU
		{F90A7B28-B17A-4D51-A9AA-03F926AD3BFC}.Release|Any CPU.ActiveCfg = Release|Any CPU
		{F90A7B28-B17A-4D51-A9AA-03F926AD3BFC}.Release|Any CPU.Build.0 = Release|Any CPU
		{26E69364-11D9-4F52-96C8-3022154C2A4D}.Debug|Any CPU.ActiveCfg = Debug|Any CPU
		{26E69364-11D9-4F52-96C8-3022154C2A4D}.Debug|Any CPU.Build.0 = Debug|Any CPU
		{26E69364-11D9-4F52-96C8-3022154C2A4D}.Release|Any CPU.ActiveCfg = Release|Any CPU
		{26E69364-11D9-4F52-96C8-3022154C2A4D}.Release|Any CPU.Build.0 = Release|Any CPU
		{5794F60D-563B-412D-A730-D001032BC8E3}.Debug|Any CPU.ActiveCfg = Debug|Any CPU
		{5794F60D-563B-412D-A730-D001032BC8E3}.Debug|Any CPU.Build.0 = Debug|Any CPU
		{5794F60D-563B-412D-A730-D001032BC8E3}.Release|Any CPU.ActiveCfg = Release|Any CPU
		{5794F60D-563B-412D-A730-D001032BC8E3}.Release|Any CPU.Build.0 = Release|Any CPU
		{6983176E-DC01-4A53-B0BA-48F4D9DB9D7A}.Debug|Any CPU.ActiveCfg = Debug|Any CPU
		{6983176E-DC01-4A53-B0BA-48F4D9DB9D7A}.Debug|Any CPU.Build.0 = Debug|Any CPU
		{6983176E-DC01-4A53-B0BA-48F4D9DB9D7A}.Release|Any CPU.ActiveCfg = Release|Any CPU
		{6983176E-DC01-4A53-B0BA-48F4D9DB9D7A}.Release|Any CPU.Build.0 = Release|Any CPU
		{14EE01E7-F8B1-4B94-9AA7-50725A180A96}.Debug|Any CPU.ActiveCfg = Debug|Any CPU
		{14EE01E7-F8B1-4B94-9AA7-50725A180A96}.Debug|Any CPU.Build.0 = Debug|Any CPU
		{14EE01E7-F8B1-4B94-9AA7-50725A180A96}.Release|Any CPU.ActiveCfg = Release|Any CPU
		{14EE01E7-F8B1-4B94-9AA7-50725A180A96}.Release|Any CPU.Build.0 = Release|Any CPU
		{4F1A3B83-5ED0-4DAF-AF3A-B78C970C216E}.Debug|Any CPU.ActiveCfg = Debug|Any CPU
		{4F1A3B83-5ED0-4DAF-AF3A-B78C970C216E}.Debug|Any CPU.Build.0 = Debug|Any CPU
		{4F1A3B83-5ED0-4DAF-AF3A-B78C970C216E}.Release|Any CPU.ActiveCfg = Release|Any CPU
		{4F1A3B83-5ED0-4DAF-AF3A-B78C970C216E}.Release|Any CPU.Build.0 = Release|Any CPU
		{E3AF026B-7417-422D-91EE-936800A7724B}.Debug|Any CPU.ActiveCfg = Debug|Any CPU
		{E3AF026B-7417-422D-91EE-936800A7724B}.Debug|Any CPU.Build.0 = Debug|Any CPU
		{E3AF026B-7417-422D-91EE-936800A7724B}.Release|Any CPU.ActiveCfg = Release|Any CPU
		{E3AF026B-7417-422D-91EE-936800A7724B}.Release|Any CPU.Build.0 = Release|Any CPU
		{A3B63E9B-D106-4024-A5C3-6155E0B6FEAE}.Debug|Any CPU.ActiveCfg = Debug|Any CPU
		{A3B63E9B-D106-4024-A5C3-6155E0B6FEAE}.Debug|Any CPU.Build.0 = Debug|Any CPU
		{A3B63E9B-D106-4024-A5C3-6155E0B6FEAE}.Release|Any CPU.ActiveCfg = Release|Any CPU
		{A3B63E9B-D106-4024-A5C3-6155E0B6FEAE}.Release|Any CPU.Build.0 = Release|Any CPU
		{635F5DE0-68A5-4DA6-A76A-25DC93D2AB67}.Debug|Any CPU.ActiveCfg = Debug|Any CPU
		{635F5DE0-68A5-4DA6-A76A-25DC93D2AB67}.Debug|Any CPU.Build.0 = Debug|Any CPU
		{635F5DE0-68A5-4DA6-A76A-25DC93D2AB67}.Release|Any CPU.ActiveCfg = Release|Any CPU
		{635F5DE0-68A5-4DA6-A76A-25DC93D2AB67}.Release|Any CPU.Build.0 = Release|Any CPU
	EndGlobalSection
	GlobalSection(SolutionProperties) = preSolution
		HideSolutionNode = FALSE
	EndGlobalSection
EndGlobal
