
Microsoft Visual Studio Solution File, Format Version 12.00
# Visual Studio 14
VisualStudioVersion = 14.0.25420.1
MinimumVisualStudioVersion = 10.0.40219.1
Project("{FAE04EC0-301F-11D3-BF4B-00C04F79EFBC}") = "Demo01_Music", "Demo01\Demo01_Music.csproj", "{A2B17186-F63A-46D2-8372-4AFBFDDB5967}"
EndProject
Project("{FAE04EC0-301F-11D3-BF4B-00C04F79EFBC}") = "Demo02_Thread", "Demo02_Thread\Demo02_Thread.csproj", "{87DF21D3-A64D-4005-850A-A473A2CE5B16}"
EndProject
Project("{FAE04EC0-301F-11D3-BF4B-00C04F79EFBC}") = "Demo03_SocketService", "Demo03_SocketService\Demo03_SocketService.csproj", "{2515B03C-876C-4FD8-9DF8-1B8A6EB2D25D}"
EndProject
Project("{FAE04EC0-301F-11D3-BF4B-00C04F79EFBC}") = "Demo04_SocketClient", "Demo04_SocketClient\Demo04_SocketClient.csproj", "{F4FC62F8-8CC9-4419-9D19-7DB493781782}"
EndProject
Project("{FAE04EC0-301F-11D3-BF4B-00C04F79EFBC}") = "Demo05_dynamicAddButton", "Demo05_dynamicAddButton\Demo05_dynamicAddButton.csproj", "{0D6B0259-4762-4F0C-AA05-F2CCBE461511}"
EndProject
Project("{FAE04EC0-301F-11D3-BF4B-00C04F79EFBC}") = "Demo06_substringCount", "Demo06_substringCount\Demo06_substringCount.csproj", "{C030B73A-31AC-48F9-A2ED-36A7B44270B2}"
EndProject
Project("{FAE04EC0-301F-11D3-BF4B-00C04F79EFBC}") = "Demo07_backgroundWorker", "Demo07_backgroundWorker\Demo07_backgroundWorker.csproj", "{E5851CCA-A7BF-467E-BE58-107055B5CE16}"
EndProject
Project("{FAE04EC0-301F-11D3-BF4B-00C04F79EFBC}") = "Demo08_JsonAndObject", "Demo08_JsonAndObject\Demo08_JsonAndObject.csproj", "{99C71FCD-C55C-4914-A509-9E06BA287707}"
EndProject
Project("{FAE04EC0-301F-11D3-BF4B-00C04F79EFBC}") = "Demo09_buttonShortcuts", "Demo09_buttonShortcuts\Demo09_buttonShortcuts.csproj", "{7A539C22-002F-4A9D-B2DD-31BF1D4A9116}"
EndProject
Global
	GlobalSection(SolutionConfigurationPlatforms) = preSolution
		Debug|Any CPU = Debug|Any CPU
		Release|Any CPU = Release|Any CPU
	EndGlobalSection
	GlobalSection(ProjectConfigurationPlatforms) = postSolution
		{A2B17186-F63A-46D2-8372-4AFBFDDB5967}.Debug|Any CPU.ActiveCfg = Debug|Any CPU
		{A2B17186-F63A-46D2-8372-4AFBFDDB5967}.Debug|Any CPU.Build.0 = Debug|Any CPU
		{A2B17186-F63A-46D2-8372-4AFBFDDB5967}.Release|Any CPU.ActiveCfg = Release|Any CPU
		{A2B17186-F63A-46D2-8372-4AFBFDDB5967}.Release|Any CPU.Build.0 = Release|Any CPU
		{87DF21D3-A64D-4005-850A-A473A2CE5B16}.Debug|Any CPU.ActiveCfg = Debug|Any CPU
		{87DF21D3-A64D-4005-850A-A473A2CE5B16}.Debug|Any CPU.Build.0 = Debug|Any CPU
		{87DF21D3-A64D-4005-850A-A473A2CE5B16}.Release|Any CPU.ActiveCfg = Release|Any CPU
		{87DF21D3-A64D-4005-850A-A473A2CE5B16}.Release|Any CPU.Build.0 = Release|Any CPU
		{2515B03C-876C-4FD8-9DF8-1B8A6EB2D25D}.Debug|Any CPU.ActiveCfg = Debug|Any CPU
		{2515B03C-876C-4FD8-9DF8-1B8A6EB2D25D}.Debug|Any CPU.Build.0 = Debug|Any CPU
		{2515B03C-876C-4FD8-9DF8-1B8A6EB2D25D}.Release|Any CPU.ActiveCfg = Release|Any CPU
		{2515B03C-876C-4FD8-9DF8-1B8A6EB2D25D}.Release|Any CPU.Build.0 = Release|Any CPU
		{F4FC62F8-8CC9-4419-9D19-7DB493781782}.Debug|Any CPU.ActiveCfg = Debug|Any CPU
		{F4FC62F8-8CC9-4419-9D19-7DB493781782}.Debug|Any CPU.Build.0 = Debug|Any CPU
		{F4FC62F8-8CC9-4419-9D19-7DB493781782}.Release|Any CPU.ActiveCfg = Release|Any CPU
		{F4FC62F8-8CC9-4419-9D19-7DB493781782}.Release|Any CPU.Build.0 = Release|Any CPU
		{0D6B0259-4762-4F0C-AA05-F2CCBE461511}.Debug|Any CPU.ActiveCfg = Debug|Any CPU
		{0D6B0259-4762-4F0C-AA05-F2CCBE461511}.Debug|Any CPU.Build.0 = Debug|Any CPU
		{0D6B0259-4762-4F0C-AA05-F2CCBE461511}.Release|Any CPU.ActiveCfg = Release|Any CPU
		{0D6B0259-4762-4F0C-AA05-F2CCBE461511}.Release|Any CPU.Build.0 = Release|Any CPU
		{C030B73A-31AC-48F9-A2ED-36A7B44270B2}.Debug|Any CPU.ActiveCfg = Debug|Any CPU
		{C030B73A-31AC-48F9-A2ED-36A7B44270B2}.Debug|Any CPU.Build.0 = Debug|Any CPU
		{C030B73A-31AC-48F9-A2ED-36A7B44270B2}.Release|Any CPU.ActiveCfg = Release|Any CPU
		{C030B73A-31AC-48F9-A2ED-36A7B44270B2}.Release|Any CPU.Build.0 = Release|Any CPU
		{E5851CCA-A7BF-467E-BE58-107055B5CE16}.Debug|Any CPU.ActiveCfg = Debug|Any CPU
		{E5851CCA-A7BF-467E-BE58-107055B5CE16}.Debug|Any CPU.Build.0 = Debug|Any CPU
		{E5851CCA-A7BF-467E-BE58-107055B5CE16}.Release|Any CPU.ActiveCfg = Release|Any CPU
		{E5851CCA-A7BF-467E-BE58-107055B5CE16}.Release|Any CPU.Build.0 = Release|Any CPU
		{99C71FCD-C55C-4914-A509-9E06BA287707}.Debug|Any CPU.ActiveCfg = Debug|Any CPU
		{99C71FCD-C55C-4914-A509-9E06BA287707}.Debug|Any CPU.Build.0 = Debug|Any CPU
		{99C71FCD-C55C-4914-A509-9E06BA287707}.Release|Any CPU.ActiveCfg = Release|Any CPU
		{99C71FCD-C55C-4914-A509-9E06BA287707}.Release|Any CPU.Build.0 = Release|Any CPU
		{7A539C22-002F-4A9D-B2DD-31BF1D4A9116}.Debug|Any CPU.ActiveCfg = Debug|Any CPU
		{7A539C22-002F-4A9D-B2DD-31BF1D4A9116}.Debug|Any CPU.Build.0 = Debug|Any CPU
		{7A539C22-002F-4A9D-B2DD-31BF1D4A9116}.Release|Any CPU.ActiveCfg = Release|Any CPU
		{7A539C22-002F-4A9D-B2DD-31BF1D4A9116}.Release|Any CPU.Build.0 = Release|Any CPU
	EndGlobalSection
	GlobalSection(SolutionProperties) = preSolution
		HideSolutionNode = FALSE
	EndGlobalSection
EndGlobal
